
Microsoft Visual Studio Solution File, Format Version 12.00
# Visual Studio Version 17
VisualStudioVersion = 17.11.35222.181
MinimumVisualStudioVersion = 10.0.40219.1
Project("{9A19103F-16F7-4668-BE54-9A1E7A4F7556}") = "Tarjeta", "Tarjeta.csproj", "{E1E520A4-3DB0-42C8-B587-00D1D2746067}"
EndProject
Project("{FAE04EC0-301F-11D3-BF4B-00C04F79EFBC}") = "TarjetaTest", "..\TarjetaTest\TarjetaTest.csproj", "{FB209F4C-D1AC-4B91-AEE4-72EDD9D23966}"
EndProject
Global
	GlobalSection(SolutionConfigurationPlatforms) = preSolution
		Debug|Any CPU = Debug|Any CPU
		Release|Any CPU = Release|Any CPU
	EndGlobalSection
	GlobalSection(ProjectConfigurationPlatforms) = postSolution
		{E1E520A4-3DB0-42C8-B587-00D1D2746067}.Debug|Any CPU.ActiveCfg = Debug|Any CPU
		{E1E520A4-3DB0-42C8-B587-00D1D2746067}.Debug|Any CPU.Build.0 = Debug|Any CPU
		{E1E520A4-3DB0-42C8-B587-00D1D2746067}.Release|Any CPU.ActiveCfg = Release|Any CPU
		{E1E520A4-3DB0-42C8-B587-00D1D2746067}.Release|Any CPU.Build.0 = Release|Any CPU
		{FB209F4C-D1AC-4B91-AEE4-72EDD9D23966}.Debug|Any CPU.ActiveCfg = Debug|Any CPU
		{FB209F4C-D1AC-4B91-AEE4-72EDD9D23966}.Debug|Any CPU.Build.0 = Debug|Any CPU
		{FB209F4C-D1AC-4B91-AEE4-72EDD9D23966}.Release|Any CPU.ActiveCfg = Release|Any CPU
		{FB209F4C-D1AC-4B91-AEE4-72EDD9D23966}.Release|Any CPU.Build.0 = Release|Any CPU
	EndGlobalSection
	GlobalSection(SolutionProperties) = preSolution
		HideSolutionNode = FALSE
	EndGlobalSection
	GlobalSection(ExtensibilityGlobals) = postSolution
		SolutionGuid = {A8D46F19-AB0C-4FA7-8794-BD9DDD462DE0}
	EndGlobalSection
EndGlobal
